
Microsoft Visual Studio Solution File, Format Version 12.00
# Visual Studio Version 17
VisualStudioVersion = 17.4.33213.308
MinimumVisualStudioVersion = 10.0.40219.1
Project("{FAE04EC0-301F-11D3-BF4B-00C04F79EFBC}") = "Regristro_Login", "Regristro_Login\Regristro_Login.csproj", "{1BEF5551-00DF-49C1-BF0E-AB3A5D93E3FB}"
EndProject
Global
	GlobalSection(SolutionConfigurationPlatforms) = preSolution
		Debug|Any CPU = Debug|Any CPU
		Release|Any CPU = Release|Any CPU
	EndGlobalSection
	GlobalSection(ProjectConfigurationPlatforms) = postSolution
		{1BEF5551-00DF-49C1-BF0E-AB3A5D93E3FB}.Debug|Any CPU.ActiveCfg = Debug|Any CPU
		{1BEF5551-00DF-49C1-BF0E-AB3A5D93E3FB}.Debug|Any CPU.Build.0 = Debug|Any CPU
		{1BEF5551-00DF-49C1-BF0E-AB3A5D93E3FB}.Release|Any CPU.ActiveCfg = Release|Any CPU
		{1BEF5551-00DF-49C1-BF0E-AB3A5D93E3FB}.Release|Any CPU.Build.0 = Release|Any CPU
	EndGlobalSection
	GlobalSection(SolutionProperties) = preSolution
		HideSolutionNode = FALSE
	EndGlobalSection
	GlobalSection(ExtensibilityGlobals) = postSolution
		SolutionGuid = {E76E5743-7A16-49DF-BABD-7C63E02DFB9F}
	EndGlobalSection
EndGlobal
